
Microsoft Visual Studio Solution File, Format Version 12.00
# Visual Studio Version 17
VisualStudioVersion = 17.5.002.0
MinimumVisualStudioVersion = 10.0.40219.1
Project("{9A19103F-16F7-4668-BE54-9A1E7A4F7556}") = "Backend", "Backend.csproj", "{D4FEF0D0-BC93-4E0C-B7C2-918AF005CC1C}"
EndProject
Global
	GlobalSection(SolutionConfigurationPlatforms) = preSolution
		Debug|Any CPU = Debug|Any CPU
		Release|Any CPU = Release|Any CPU
	EndGlobalSection
	GlobalSection(ProjectConfigurationPlatforms) = postSolution
		{D4FEF0D0-BC93-4E0C-B7C2-918AF005CC1C}.Debug|Any CPU.ActiveCfg = Debug|Any CPU
		{D4FEF0D0-BC93-4E0C-B7C2-918AF005CC1C}.Debug|Any CPU.Build.0 = Debug|Any CPU
		{D4FEF0D0-BC93-4E0C-B7C2-918AF005CC1C}.Release|Any CPU.ActiveCfg = Release|Any CPU
		{D4FEF0D0-BC93-4E0C-B7C2-918AF005CC1C}.Release|Any CPU.Build.0 = Release|Any CPU
	EndGlobalSection
	GlobalSection(SolutionProperties) = preSolution
		HideSolutionNode = FALSE
	EndGlobalSection
	GlobalSection(ExtensibilityGlobals) = postSolution
		SolutionGuid = {35719642-502D-49D7-B736-043718EE5B26}
	EndGlobalSection
EndGlobal
